
Microsoft Visual Studio Solution File, Format Version 12.00
# Visual Studio Version 17
VisualStudioVersion = 17.14.36202.13 d17.14
MinimumVisualStudioVersion = 10.0.40219.1
Project("{FAE04EC0-301F-11D3-BF4B-00C04F79EFBC}") = "EducationSystem.Domain", "EducationSystem.Domain\EducationSystem.Domain.csproj", "{314ED9D3-A83C-457D-A487-CB7D0BCC1A71}"
EndProject
Project("{2150E333-8FDC-42A3-9474-1A3956D46DE8}") = "src", "src", "{36D591C7-65C7-A0D1-1CBC-10CDE441BDC8}"
EndProject
Project("{2150E333-8FDC-42A3-9474-1A3956D46DE8}") = "test", "test", "{11726C05-F9E7-4240-8487-C494D486FA5B}"
EndProject
Project("{FAE04EC0-301F-11D3-BF4B-00C04F79EFBC}") = "EducationSystem.Domain.Tests", "EducationSystem.Domain.Tests\EducationSystem.Domain.Tests.csproj", "{F7599A27-DB6A-4356-B72E-7E1FE75F03DF}"
EndProject
Global
	GlobalSection(SolutionConfigurationPlatforms) = preSolution
		Debug|Any CPU = Debug|Any CPU
		Release|Any CPU = Release|Any CPU
	EndGlobalSection
	GlobalSection(ProjectConfigurationPlatforms) = postSolution
		{314ED9D3-A83C-457D-A487-CB7D0BCC1A71}.Debug|Any CPU.ActiveCfg = Debug|Any CPU
		{314ED9D3-A83C-457D-A487-CB7D0BCC1A71}.Debug|Any CPU.Build.0 = Debug|Any CPU
		{314ED9D3-A83C-457D-A487-CB7D0BCC1A71}.Release|Any CPU.ActiveCfg = Release|Any CPU
		{314ED9D3-A83C-457D-A487-CB7D0BCC1A71}.Release|Any CPU.Build.0 = Release|Any CPU
		{F7599A27-DB6A-4356-B72E-7E1FE75F03DF}.Debug|Any CPU.ActiveCfg = Debug|Any CPU
		{F7599A27-DB6A-4356-B72E-7E1FE75F03DF}.Debug|Any CPU.Build.0 = Debug|Any CPU
		{F7599A27-DB6A-4356-B72E-7E1FE75F03DF}.Release|Any CPU.ActiveCfg = Release|Any CPU
		{F7599A27-DB6A-4356-B72E-7E1FE75F03DF}.Release|Any CPU.Build.0 = Release|Any CPU
	EndGlobalSection
	GlobalSection(SolutionProperties) = preSolution
		HideSolutionNode = FALSE
	EndGlobalSection
	GlobalSection(NestedProjects) = preSolution
		{314ED9D3-A83C-457D-A487-CB7D0BCC1A71} = {36D591C7-65C7-A0D1-1CBC-10CDE441BDC8}
		{F7599A27-DB6A-4356-B72E-7E1FE75F03DF} = {11726C05-F9E7-4240-8487-C494D486FA5B}
	EndGlobalSection
	GlobalSection(ExtensibilityGlobals) = postSolution
		SolutionGuid = {FD70DFAC-7461-4375-BE9E-486D25BCAA5F}
	EndGlobalSection
EndGlobal
